// !$*UTF8*$!
{
	archiveVersion = 1;
	classes = {
	};
	objectVersion = 46;
	objects = {

/* Begin PBXAggregateTarget section */
		"JiraSwift::JiraSwiftPackageTests::ProductTarget" /* JiraSwiftPackageTests */ = {
			isa = PBXAggregateTarget;
			buildConfigurationList = OBJ_76 /* Build configuration list for PBXAggregateTarget "JiraSwiftPackageTests" */;
			buildPhases = (
			);
			dependencies = (
				OBJ_79 /* PBXTargetDependency */,
			);
			name = JiraSwiftPackageTests;
			productName = JiraSwiftPackageTests;
		};
/* End PBXAggregateTarget section */

/* Begin PBXBuildFile section */
		A977B8E4205E84C8005F61AF /* JiraSwift_iOS.h in Headers */ = {isa = PBXBuildFile; fileRef = A977B8E2205E84C8005F61AF /* JiraSwift_iOS.h */; settings = {ATTRIBUTES = (Public, ); }; };
		A977B8F7205E8504005F61AF /* JiraRestClient.swift in Sources */ = {isa = PBXBuildFile; fileRef = OBJ_10 /* JiraRestClient.swift */; };
		A977B8F8205E8504005F61AF /* RestClient.swift in Sources */ = {isa = PBXBuildFile; fileRef = OBJ_11 /* RestClient.swift */; };
		A977B8F9205E8504005F61AF /* SimpleHttp.swift in Sources */ = {isa = PBXBuildFile; fileRef = OBJ_12 /* SimpleHttp.swift */; };
		A977B8FA205E8504005F61AF /* BoardResponse.swift in Sources */ = {isa = PBXBuildFile; fileRef = OBJ_14 /* BoardResponse.swift */; };
		A977B8FB205E8504005F61AF /* IssueResponse.swift in Sources */ = {isa = PBXBuildFile; fileRef = OBJ_15 /* IssueResponse.swift */; };
		A977B8FC205E8504005F61AF /* SprintResponse.swift in Sources */ = {isa = PBXBuildFile; fileRef = OBJ_16 /* SprintResponse.swift */; };
		A977B8FD205E8504005F61AF /* Assignee.swift in Sources */ = {isa = PBXBuildFile; fileRef = OBJ_18 /* Assignee.swift */; };
		A977B8FE205E8504005F61AF /* Board.swift in Sources */ = {isa = PBXBuildFile; fileRef = OBJ_19 /* Board.swift */; };
		A977B8FF205E8504005F61AF /* Issue.swift in Sources */ = {isa = PBXBuildFile; fileRef = OBJ_20 /* Issue.swift */; };
		A977B900205E8504005F61AF /* IssueFilter.swift in Sources */ = {isa = PBXBuildFile; fileRef = OBJ_21 /* IssueFilter.swift */; };
		A977B901205E8504005F61AF /* JQLFilter.swift in Sources */ = {isa = PBXBuildFile; fileRef = OBJ_22 /* JQLFilter.swift */; };
		A977B902205E8504005F61AF /* Sprint.swift in Sources */ = {isa = PBXBuildFile; fileRef = OBJ_23 /* Sprint.swift */; };
		A977B903205E8504005F61AF /* Dictionary+URL.swift in Sources */ = {isa = PBXBuildFile; fileRef = OBJ_25 /* Dictionary+URL.swift */; };
		A977B904205E8504005F61AF /* JSON.swift in Sources */ = {isa = PBXBuildFile; fileRef = OBJ_27 /* JSON.swift */; };
		A977B905205E8504005F61AF /* String+Tools.swift in Sources */ = {isa = PBXBuildFile; fileRef = OBJ_28 /* String+Tools.swift */; };
		OBJ_43 /* Package.swift in Sources */ = {isa = PBXBuildFile; fileRef = OBJ_6 /* Package.swift */; };
		OBJ_49 /* JiraSwiftTests.swift in Sources */ = {isa = PBXBuildFile; fileRef = OBJ_31 /* JiraSwiftTests.swift */; };
		OBJ_51 /* JiraSwift.framework in Frameworks */ = {isa = PBXBuildFile; fileRef = "JiraSwift::JiraSwift::Product" /* JiraSwift.framework */; };
		OBJ_58 /* JiraRestClient.swift in Sources */ = {isa = PBXBuildFile; fileRef = OBJ_10 /* JiraRestClient.swift */; };
		OBJ_59 /* RestClient.swift in Sources */ = {isa = PBXBuildFile; fileRef = OBJ_11 /* RestClient.swift */; };
		OBJ_60 /* SimpleHttp.swift in Sources */ = {isa = PBXBuildFile; fileRef = OBJ_12 /* SimpleHttp.swift */; };
		OBJ_61 /* BoardResponse.swift in Sources */ = {isa = PBXBuildFile; fileRef = OBJ_14 /* BoardResponse.swift */; };
		OBJ_62 /* IssueResponse.swift in Sources */ = {isa = PBXBuildFile; fileRef = OBJ_15 /* IssueResponse.swift */; };
		OBJ_63 /* SprintResponse.swift in Sources */ = {isa = PBXBuildFile; fileRef = OBJ_16 /* SprintResponse.swift */; };
		OBJ_64 /* Assignee.swift in Sources */ = {isa = PBXBuildFile; fileRef = OBJ_18 /* Assignee.swift */; };
		OBJ_65 /* Board.swift in Sources */ = {isa = PBXBuildFile; fileRef = OBJ_19 /* Board.swift */; };
		OBJ_66 /* Issue.swift in Sources */ = {isa = PBXBuildFile; fileRef = OBJ_20 /* Issue.swift */; };
		OBJ_67 /* IssueFilter.swift in Sources */ = {isa = PBXBuildFile; fileRef = OBJ_21 /* IssueFilter.swift */; };
		OBJ_68 /* JQLFilter.swift in Sources */ = {isa = PBXBuildFile; fileRef = OBJ_22 /* JQLFilter.swift */; };
		OBJ_69 /* Sprint.swift in Sources */ = {isa = PBXBuildFile; fileRef = OBJ_23 /* Sprint.swift */; };
		OBJ_70 /* Dictionary+URL.swift in Sources */ = {isa = PBXBuildFile; fileRef = OBJ_25 /* Dictionary+URL.swift */; };
		OBJ_72 /* JSON.swift in Sources */ = {isa = PBXBuildFile; fileRef = OBJ_27 /* JSON.swift */; };
		OBJ_73 /* String+Tools.swift in Sources */ = {isa = PBXBuildFile; fileRef = OBJ_28 /* String+Tools.swift */; };
/* End PBXBuildFile section */

/* Begin PBXContainerItemProxy section */
		A91CF53B2050233800C17423 /* PBXContainerItemProxy */ = {
			isa = PBXContainerItemProxy;
			containerPortal = OBJ_1 /* Project object */;
			proxyType = 1;
			remoteGlobalIDString = "JiraSwift::JiraSwift";
			remoteInfo = JiraSwift;
		};
		A91CF53C2050233900C17423 /* PBXContainerItemProxy */ = {
			isa = PBXContainerItemProxy;
			containerPortal = OBJ_1 /* Project object */;
			proxyType = 1;
			remoteGlobalIDString = "JiraSwift::JiraSwiftTests";
			remoteInfo = JiraSwiftTests;
		};
/* End PBXContainerItemProxy section */

/* Begin PBXFileReference section */
		A977B8E0205E84C8005F61AF /* JiraSwift_iOS.framework */ = {isa = PBXFileReference; explicitFileType = wrapper.framework; includeInIndex = 0; path = JiraSwift_iOS.framework; sourceTree = BUILT_PRODUCTS_DIR; };
		A977B8E2205E84C8005F61AF /* JiraSwift_iOS.h */ = {isa = PBXFileReference; lastKnownFileType = sourcecode.c.h; path = JiraSwift_iOS.h; sourceTree = "<group>"; };
		A977B8E3205E84C8005F61AF /* Info.plist */ = {isa = PBXFileReference; lastKnownFileType = text.plist.xml; path = Info.plist; sourceTree = "<group>"; };
		"JiraSwift::JiraSwift::Product" /* JiraSwift.framework */ = {isa = PBXFileReference; explicitFileType = wrapper.framework; path = JiraSwift.framework; sourceTree = BUILT_PRODUCTS_DIR; };
		"JiraSwift::JiraSwiftTests::Product" /* JiraSwiftTests.xctest */ = {isa = PBXFileReference; lastKnownFileType = file; path = JiraSwiftTests.xctest; sourceTree = BUILT_PRODUCTS_DIR; };
		OBJ_10 /* JiraRestClient.swift */ = {isa = PBXFileReference; lastKnownFileType = sourcecode.swift; path = JiraRestClient.swift; sourceTree = "<group>"; };
		OBJ_11 /* RestClient.swift */ = {isa = PBXFileReference; lastKnownFileType = sourcecode.swift; path = RestClient.swift; sourceTree = "<group>"; };
		OBJ_12 /* SimpleHttp.swift */ = {isa = PBXFileReference; lastKnownFileType = sourcecode.swift; path = SimpleHttp.swift; sourceTree = "<group>"; };
		OBJ_14 /* BoardResponse.swift */ = {isa = PBXFileReference; lastKnownFileType = sourcecode.swift; path = BoardResponse.swift; sourceTree = "<group>"; };
		OBJ_15 /* IssueResponse.swift */ = {isa = PBXFileReference; lastKnownFileType = sourcecode.swift; path = IssueResponse.swift; sourceTree = "<group>"; };
		OBJ_16 /* SprintResponse.swift */ = {isa = PBXFileReference; lastKnownFileType = sourcecode.swift; path = SprintResponse.swift; sourceTree = "<group>"; };
		OBJ_18 /* Assignee.swift */ = {isa = PBXFileReference; lastKnownFileType = sourcecode.swift; path = Assignee.swift; sourceTree = "<group>"; };
		OBJ_19 /* Board.swift */ = {isa = PBXFileReference; lastKnownFileType = sourcecode.swift; path = Board.swift; sourceTree = "<group>"; };
		OBJ_20 /* Issue.swift */ = {isa = PBXFileReference; lastKnownFileType = sourcecode.swift; path = Issue.swift; sourceTree = "<group>"; };
		OBJ_21 /* IssueFilter.swift */ = {isa = PBXFileReference; lastKnownFileType = sourcecode.swift; path = IssueFilter.swift; sourceTree = "<group>"; };
		OBJ_22 /* JQLFilter.swift */ = {isa = PBXFileReference; lastKnownFileType = sourcecode.swift; path = JQLFilter.swift; sourceTree = "<group>"; };
		OBJ_23 /* Sprint.swift */ = {isa = PBXFileReference; lastKnownFileType = sourcecode.swift; path = Sprint.swift; sourceTree = "<group>"; };
		OBJ_25 /* Dictionary+URL.swift */ = {isa = PBXFileReference; lastKnownFileType = sourcecode.swift; path = "Dictionary+URL.swift"; sourceTree = "<group>"; };
		OBJ_27 /* JSON.swift */ = {isa = PBXFileReference; lastKnownFileType = sourcecode.swift; path = JSON.swift; sourceTree = "<group>"; };
		OBJ_28 /* String+Tools.swift */ = {isa = PBXFileReference; lastKnownFileType = sourcecode.swift; path = "String+Tools.swift"; sourceTree = "<group>"; };
		OBJ_31 /* JiraSwiftTests.swift */ = {isa = PBXFileReference; lastKnownFileType = sourcecode.swift; path = JiraSwiftTests.swift; sourceTree = "<group>"; };
		OBJ_6 /* Package.swift */ = {isa = PBXFileReference; explicitFileType = sourcecode.swift; path = Package.swift; sourceTree = "<group>"; };
/* End PBXFileReference section */

/* Begin PBXFrameworksBuildPhase section */
		A977B8DC205E84C8005F61AF /* Frameworks */ = {
			isa = PBXFrameworksBuildPhase;
			buildActionMask = 2147483647;
			files = (
			);
			runOnlyForDeploymentPostprocessing = 0;
		};
		OBJ_50 /* Frameworks */ = {
			isa = PBXFrameworksBuildPhase;
			buildActionMask = 0;
			files = (
				OBJ_51 /* JiraSwift.framework in Frameworks */,
			);
			runOnlyForDeploymentPostprocessing = 0;
		};
		OBJ_74 /* Frameworks */ = {
			isa = PBXFrameworksBuildPhase;
			buildActionMask = 0;
			files = (
			);
			runOnlyForDeploymentPostprocessing = 0;
		};
/* End PBXFrameworksBuildPhase section */

/* Begin PBXGroup section */
		A977B8E1205E84C8005F61AF /* JiraSwift-iOS */ = {
			isa = PBXGroup;
			children = (
				A977B8E2205E84C8005F61AF /* JiraSwift_iOS.h */,
				A977B8E3205E84C8005F61AF /* Info.plist */,
			);
			path = "JiraSwift-iOS";
			sourceTree = "<group>";
		};
		OBJ_13 /* JSON Parsing */ = {
			isa = PBXGroup;
			children = (
				OBJ_14 /* BoardResponse.swift */,
				OBJ_15 /* IssueResponse.swift */,
				OBJ_16 /* SprintResponse.swift */,
			);
			path = "JSON Parsing";
			sourceTree = "<group>";
		};
		OBJ_17 /* Jira Models */ = {
			isa = PBXGroup;
			children = (
				OBJ_18 /* Assignee.swift */,
				OBJ_19 /* Board.swift */,
				OBJ_20 /* Issue.swift */,
				OBJ_21 /* IssueFilter.swift */,
				OBJ_22 /* JQLFilter.swift */,
				OBJ_23 /* Sprint.swift */,
			);
			path = "Jira Models";
			sourceTree = "<group>";
		};
		OBJ_24 /* Utilities */ = {
			isa = PBXGroup;
			children = (
				OBJ_25 /* Dictionary+URL.swift */,
				OBJ_27 /* JSON.swift */,
				OBJ_28 /* String+Tools.swift */,
			);
			path = Utilities;
			sourceTree = "<group>";
		};
		OBJ_29 /* Tests */ = {
			isa = PBXGroup;
			children = (
				OBJ_30 /* JiraSwiftTests */,
			);
			name = Tests;
			sourceTree = SOURCE_ROOT;
		};
		OBJ_30 /* JiraSwiftTests */ = {
			isa = PBXGroup;
			children = (
				OBJ_31 /* JiraSwiftTests.swift */,
			);
			name = JiraSwiftTests;
			path = Tests/JiraSwiftTests;
			sourceTree = SOURCE_ROOT;
		};
		OBJ_35 /* Products */ = {
			isa = PBXGroup;
			children = (
				"JiraSwift::JiraSwiftTests::Product" /* JiraSwiftTests.xctest */,
				"JiraSwift::JiraSwift::Product" /* JiraSwift.framework */,
				A977B8E0205E84C8005F61AF /* JiraSwift_iOS.framework */,
			);
			name = Products;
			sourceTree = BUILT_PRODUCTS_DIR;
		};
		OBJ_5 = {
			isa = PBXGroup;
			children = (
				OBJ_6 /* Package.swift */,
				OBJ_7 /* Sources */,
				OBJ_29 /* Tests */,
				A977B8E1205E84C8005F61AF /* JiraSwift-iOS */,
				OBJ_35 /* Products */,
			);
			sourceTree = "<group>";
		};
		OBJ_7 /* Sources */ = {
			isa = PBXGroup;
			children = (
				OBJ_8 /* JiraSwift */,
			);
			name = Sources;
			sourceTree = SOURCE_ROOT;
		};
		OBJ_8 /* JiraSwift */ = {
			isa = PBXGroup;
			children = (
				OBJ_9 /* HTTP */,
				OBJ_13 /* JSON Parsing */,
				OBJ_17 /* Jira Models */,
				OBJ_24 /* Utilities */,
			);
			name = JiraSwift;
			path = Sources/JiraSwift;
			sourceTree = SOURCE_ROOT;
		};
		OBJ_9 /* HTTP */ = {
			isa = PBXGroup;
			children = (
				OBJ_10 /* JiraRestClient.swift */,
				OBJ_11 /* RestClient.swift */,
				OBJ_12 /* SimpleHttp.swift */,
			);
			path = HTTP;
			sourceTree = "<group>";
		};
/* End PBXGroup section */

/* Begin PBXHeadersBuildPhase section */
		A977B8DD205E84C8005F61AF /* Headers */ = {
			isa = PBXHeadersBuildPhase;
			buildActionMask = 2147483647;
			files = (
				A977B8E4205E84C8005F61AF /* JiraSwift_iOS.h in Headers */,
			);
			runOnlyForDeploymentPostprocessing = 0;
		};
/* End PBXHeadersBuildPhase section */

/* Begin PBXNativeTarget section */
		A977B8DF205E84C8005F61AF /* JiraSwift-iOS */ = {
			isa = PBXNativeTarget;
			buildConfigurationList = A977B8E7205E84C8005F61AF /* Build configuration list for PBXNativeTarget "JiraSwift-iOS" */;
			buildPhases = (
				A977B8DB205E84C8005F61AF /* Sources */,
				A977B8DC205E84C8005F61AF /* Frameworks */,
				A977B8DD205E84C8005F61AF /* Headers */,
				A977B8DE205E84C8005F61AF /* Resources */,
			);
			buildRules = (
			);
			dependencies = (
			);
			name = "JiraSwift-iOS";
			productName = "JiraSwift-iOS";
			productReference = A977B8E0205E84C8005F61AF /* JiraSwift_iOS.framework */;
			productType = "com.apple.product-type.framework";
		};
		"JiraSwift::JiraSwift" /* JiraSwift */ = {
			isa = PBXNativeTarget;
			buildConfigurationList = OBJ_54 /* Build configuration list for PBXNativeTarget "JiraSwift" */;
			buildPhases = (
				OBJ_57 /* Sources */,
				OBJ_74 /* Frameworks */,
			);
			buildRules = (
			);
			dependencies = (
			);
			name = JiraSwift;
			productName = JiraSwift;
			productReference = "JiraSwift::JiraSwift::Product" /* JiraSwift.framework */;
			productType = "com.apple.product-type.framework";
		};
		"JiraSwift::JiraSwiftTests" /* JiraSwiftTests */ = {
			isa = PBXNativeTarget;
			buildConfigurationList = OBJ_45 /* Build configuration list for PBXNativeTarget "JiraSwiftTests" */;
			buildPhases = (
				OBJ_48 /* Sources */,
				OBJ_50 /* Frameworks */,
			);
			buildRules = (
			);
			dependencies = (
				OBJ_52 /* PBXTargetDependency */,
			);
			name = JiraSwiftTests;
			productName = JiraSwiftTests;
			productReference = "JiraSwift::JiraSwiftTests::Product" /* JiraSwiftTests.xctest */;
			productType = "com.apple.product-type.bundle.unit-test";
		};
		"JiraSwift::SwiftPMPackageDescription" /* JiraSwiftPackageDescription */ = {
			isa = PBXNativeTarget;
			buildConfigurationList = OBJ_39 /* Build configuration list for PBXNativeTarget "JiraSwiftPackageDescription" */;
			buildPhases = (
				OBJ_42 /* Sources */,
			);
			buildRules = (
			);
			dependencies = (
			);
			name = JiraSwiftPackageDescription;
			productName = JiraSwiftPackageDescription;
			productType = "com.apple.product-type.framework";
		};
/* End PBXNativeTarget section */

/* Begin PBXProject section */
		OBJ_1 /* Project object */ = {
			isa = PBXProject;
			attributes = {
				LastUpgradeCheck = 9999;
				TargetAttributes = {
					A977B8DF205E84C8005F61AF = {
						CreatedOnToolsVersion = 9.2;
						DevelopmentTeam = 5K844XFC6W;
						ProvisioningStyle = Automatic;
					};
				};
			};
			buildConfigurationList = OBJ_2 /* Build configuration list for PBXProject "JiraSwift" */;
			compatibilityVersion = "Xcode 3.2";
			developmentRegion = English;
			hasScannedForEncodings = 0;
			knownRegions = (
				en,
			);
			mainGroup = OBJ_5;
			productRefGroup = OBJ_35 /* Products */;
			projectDirPath = "";
			projectRoot = "";
			targets = (
				"JiraSwift::SwiftPMPackageDescription" /* JiraSwiftPackageDescription */,
				"JiraSwift::JiraSwiftTests" /* JiraSwiftTests */,
				"JiraSwift::JiraSwift" /* JiraSwift */,
				"JiraSwift::JiraSwiftPackageTests::ProductTarget" /* JiraSwiftPackageTests */,
				A977B8DF205E84C8005F61AF /* JiraSwift-iOS */,
			);
		};
/* End PBXProject section */

/* Begin PBXResourcesBuildPhase section */
		A977B8DE205E84C8005F61AF /* Resources */ = {
			isa = PBXResourcesBuildPhase;
			buildActionMask = 2147483647;
			files = (
			);
			runOnlyForDeploymentPostprocessing = 0;
		};
/* End PBXResourcesBuildPhase section */

/* Begin PBXSourcesBuildPhase section */
		A977B8DB205E84C8005F61AF /* Sources */ = {
			isa = PBXSourcesBuildPhase;
			buildActionMask = 2147483647;
			files = (
				A977B8FD205E8504005F61AF /* Assignee.swift in Sources */,
				A977B905205E8504005F61AF /* String+Tools.swift in Sources */,
				A977B904205E8504005F61AF /* JSON.swift in Sources */,
				A977B900205E8504005F61AF /* IssueFilter.swift in Sources */,
				A977B8FC205E8504005F61AF /* SprintResponse.swift in Sources */,
				A977B901205E8504005F61AF /* JQLFilter.swift in Sources */,
				A977B8F8205E8504005F61AF /* RestClient.swift in Sources */,
				A977B8FA205E8504005F61AF /* BoardResponse.swift in Sources */,
				A977B8F9205E8504005F61AF /* SimpleHttp.swift in Sources */,
				A977B8F7205E8504005F61AF /* JiraRestClient.swift in Sources */,
				A977B8FE205E8504005F61AF /* Board.swift in Sources */,
				A977B8FB205E8504005F61AF /* IssueResponse.swift in Sources */,
				A977B8FF205E8504005F61AF /* Issue.swift in Sources */,
				A977B903205E8504005F61AF /* Dictionary+URL.swift in Sources */,
				A977B902205E8504005F61AF /* Sprint.swift in Sources */,
			);
			runOnlyForDeploymentPostprocessing = 0;
		};
		OBJ_42 /* Sources */ = {
			isa = PBXSourcesBuildPhase;
			buildActionMask = 0;
			files = (
				OBJ_43 /* Package.swift in Sources */,
			);
			runOnlyForDeploymentPostprocessing = 0;
		};
		OBJ_48 /* Sources */ = {
			isa = PBXSourcesBuildPhase;
			buildActionMask = 0;
			files = (
				OBJ_49 /* JiraSwiftTests.swift in Sources */,
			);
			runOnlyForDeploymentPostprocessing = 0;
		};
		OBJ_57 /* Sources */ = {
			isa = PBXSourcesBuildPhase;
			buildActionMask = 0;
			files = (
				OBJ_58 /* JiraRestClient.swift in Sources */,
				OBJ_59 /* RestClient.swift in Sources */,
				OBJ_60 /* SimpleHttp.swift in Sources */,
				OBJ_61 /* BoardResponse.swift in Sources */,
				OBJ_62 /* IssueResponse.swift in Sources */,
				OBJ_63 /* SprintResponse.swift in Sources */,
				OBJ_64 /* Assignee.swift in Sources */,
				OBJ_65 /* Board.swift in Sources */,
				OBJ_66 /* Issue.swift in Sources */,
				OBJ_67 /* IssueFilter.swift in Sources */,
				OBJ_68 /* JQLFilter.swift in Sources */,
				OBJ_69 /* Sprint.swift in Sources */,
				OBJ_70 /* Dictionary+URL.swift in Sources */,
				OBJ_72 /* JSON.swift in Sources */,
				OBJ_73 /* String+Tools.swift in Sources */,
			);
			runOnlyForDeploymentPostprocessing = 0;
		};
/* End PBXSourcesBuildPhase section */

/* Begin PBXTargetDependency section */
		OBJ_52 /* PBXTargetDependency */ = {
			isa = PBXTargetDependency;
			target = "JiraSwift::JiraSwift" /* JiraSwift */;
			targetProxy = A91CF53B2050233800C17423 /* PBXContainerItemProxy */;
		};
		OBJ_79 /* PBXTargetDependency */ = {
			isa = PBXTargetDependency;
			target = "JiraSwift::JiraSwiftTests" /* JiraSwiftTests */;
			targetProxy = A91CF53C2050233900C17423 /* PBXContainerItemProxy */;
		};
/* End PBXTargetDependency section */

/* Begin XCBuildConfiguration section */
		A977B8E5205E84C8005F61AF /* Debug */ = {
			isa = XCBuildConfiguration;
			buildSettings = {
				ALWAYS_SEARCH_USER_PATHS = NO;
				CLANG_ANALYZER_NONNULL = YES;
				CLANG_ANALYZER_NUMBER_OBJECT_CONVERSION = YES_AGGRESSIVE;
				CLANG_CXX_LANGUAGE_STANDARD = "gnu++14";
				CLANG_CXX_LIBRARY = "libc++";
				CLANG_ENABLE_MODULES = YES;
				CLANG_WARN_BLOCK_CAPTURE_AUTORELEASING = YES;
				CLANG_WARN_BOOL_CONVERSION = YES;
				CLANG_WARN_COMMA = YES;
				CLANG_WARN_CONSTANT_CONVERSION = YES;
				CLANG_WARN_DIRECT_OBJC_ISA_USAGE = YES_ERROR;
				CLANG_WARN_DOCUMENTATION_COMMENTS = YES;
				CLANG_WARN_EMPTY_BODY = YES;
				CLANG_WARN_ENUM_CONVERSION = YES;
				CLANG_WARN_INFINITE_RECURSION = YES;
				CLANG_WARN_INT_CONVERSION = YES;
				CLANG_WARN_NON_LITERAL_NULL_CONVERSION = YES;
				CLANG_WARN_OBJC_LITERAL_CONVERSION = YES;
				CLANG_WARN_OBJC_ROOT_CLASS = YES_ERROR;
				CLANG_WARN_RANGE_LOOP_ANALYSIS = YES;
				CLANG_WARN_STRICT_PROTOTYPES = YES;
				CLANG_WARN_SUSPICIOUS_MOVE = YES;
				CLANG_WARN_UNGUARDED_AVAILABILITY = YES_AGGRESSIVE;
				CLANG_WARN_UNREACHABLE_CODE = YES;
				CLANG_WARN__DUPLICATE_METHOD_MATCH = YES;
				CODE_SIGN_IDENTITY = "iPhone Developer";
				CODE_SIGN_STYLE = Automatic;
				CURRENT_PROJECT_VERSION = 1;
				DEFINES_MODULE = YES;
				DEVELOPMENT_TEAM = 5K844XFC6W;
				DYLIB_COMPATIBILITY_VERSION = 1;
				DYLIB_CURRENT_VERSION = 1;
				DYLIB_INSTALL_NAME_BASE = "@rpath";
				ENABLE_STRICT_OBJC_MSGSEND = YES;
				ENABLE_TESTABILITY = YES;
				GCC_C_LANGUAGE_STANDARD = gnu11;
				GCC_DYNAMIC_NO_PIC = NO;
				GCC_NO_COMMON_BLOCKS = YES;
				GCC_PREPROCESSOR_DEFINITIONS = (
					"DEBUG=1",
					"$(inherited)",
				);
				GCC_WARN_64_TO_32_BIT_CONVERSION = YES;
				GCC_WARN_ABOUT_RETURN_TYPE = YES_ERROR;
				GCC_WARN_UNDECLARED_SELECTOR = YES;
				GCC_WARN_UNINITIALIZED_AUTOS = YES_AGGRESSIVE;
				GCC_WARN_UNUSED_FUNCTION = YES;
				GCC_WARN_UNUSED_VARIABLE = YES;
				INFOPLIST_FILE = "JiraSwift-iOS/Info.plist";
				INSTALL_PATH = "$(LOCAL_LIBRARY_DIR)/Frameworks";
				IPHONEOS_DEPLOYMENT_TARGET = 11.2;
				LD_RUNPATH_SEARCH_PATHS = "$(inherited) @executable_path/Frameworks @loader_path/Frameworks";
				MTL_ENABLE_DEBUG_INFO = YES;
				PRODUCT_BUNDLE_IDENTIFIER = "org.gestrich.JiraSwift-iOS";
				PRODUCT_NAME = "$(TARGET_NAME:c99extidentifier)";
				SDKROOT = iphoneos;
				SKIP_INSTALL = YES;
				SWIFT_ACTIVE_COMPILATION_CONDITIONS = DEBUG;
				SWIFT_VERSION = 4.0;
				TARGETED_DEVICE_FAMILY = "1,2";
				VERSIONING_SYSTEM = "apple-generic";
				VERSION_INFO_PREFIX = "";
			};
			name = Debug;
		};
		A977B8E6205E84C8005F61AF /* Release */ = {
			isa = XCBuildConfiguration;
			buildSettings = {
				ALWAYS_SEARCH_USER_PATHS = NO;
				CLANG_ANALYZER_NONNULL = YES;
				CLANG_ANALYZER_NUMBER_OBJECT_CONVERSION = YES_AGGRESSIVE;
				CLANG_CXX_LANGUAGE_STANDARD = "gnu++14";
				CLANG_CXX_LIBRARY = "libc++";
				CLANG_ENABLE_MODULES = YES;
				CLANG_WARN_BLOCK_CAPTURE_AUTORELEASING = YES;
				CLANG_WARN_BOOL_CONVERSION = YES;
				CLANG_WARN_COMMA = YES;
				CLANG_WARN_CONSTANT_CONVERSION = YES;
				CLANG_WARN_DIRECT_OBJC_ISA_USAGE = YES_ERROR;
				CLANG_WARN_DOCUMENTATION_COMMENTS = YES;
				CLANG_WARN_EMPTY_BODY = YES;
				CLANG_WARN_ENUM_CONVERSION = YES;
				CLANG_WARN_INFINITE_RECURSION = YES;
				CLANG_WARN_INT_CONVERSION = YES;
				CLANG_WARN_NON_LITERAL_NULL_CONVERSION = YES;
				CLANG_WARN_OBJC_LITERAL_CONVERSION = YES;
				CLANG_WARN_OBJC_ROOT_CLASS = YES_ERROR;
				CLANG_WARN_RANGE_LOOP_ANALYSIS = YES;
				CLANG_WARN_STRICT_PROTOTYPES = YES;
				CLANG_WARN_SUSPICIOUS_MOVE = YES;
				CLANG_WARN_UNGUARDED_AVAILABILITY = YES_AGGRESSIVE;
				CLANG_WARN_UNREACHABLE_CODE = YES;
				CLANG_WARN__DUPLICATE_METHOD_MATCH = YES;
				CODE_SIGN_IDENTITY = "iPhone Developer";
				CODE_SIGN_STYLE = Automatic;
				COPY_PHASE_STRIP = NO;
				CURRENT_PROJECT_VERSION = 1;
				DEFINES_MODULE = YES;
				DEVELOPMENT_TEAM = 5K844XFC6W;
				DYLIB_COMPATIBILITY_VERSION = 1;
				DYLIB_CURRENT_VERSION = 1;
				DYLIB_INSTALL_NAME_BASE = "@rpath";
				ENABLE_NS_ASSERTIONS = NO;
				ENABLE_STRICT_OBJC_MSGSEND = YES;
				GCC_C_LANGUAGE_STANDARD = gnu11;
				GCC_NO_COMMON_BLOCKS = YES;
				GCC_WARN_64_TO_32_BIT_CONVERSION = YES;
				GCC_WARN_ABOUT_RETURN_TYPE = YES_ERROR;
				GCC_WARN_UNDECLARED_SELECTOR = YES;
				GCC_WARN_UNINITIALIZED_AUTOS = YES_AGGRESSIVE;
				GCC_WARN_UNUSED_FUNCTION = YES;
				GCC_WARN_UNUSED_VARIABLE = YES;
				INFOPLIST_FILE = "JiraSwift-iOS/Info.plist";
				INSTALL_PATH = "$(LOCAL_LIBRARY_DIR)/Frameworks";
				IPHONEOS_DEPLOYMENT_TARGET = 11.2;
				LD_RUNPATH_SEARCH_PATHS = "$(inherited) @executable_path/Frameworks @loader_path/Frameworks";
				MTL_ENABLE_DEBUG_INFO = NO;
				PRODUCT_BUNDLE_IDENTIFIER = "org.gestrich.JiraSwift-iOS";
				PRODUCT_NAME = "$(TARGET_NAME:c99extidentifier)";
				SDKROOT = iphoneos;
				SKIP_INSTALL = YES;
				SWIFT_VERSION = 4.0;
				TARGETED_DEVICE_FAMILY = "1,2";
				VALIDATE_PRODUCT = YES;
				VERSIONING_SYSTEM = "apple-generic";
				VERSION_INFO_PREFIX = "";
			};
			name = Release;
		};
		OBJ_3 /* Debug */ = {
			isa = XCBuildConfiguration;
			buildSettings = {
				CLANG_ENABLE_OBJC_ARC = YES;
				COMBINE_HIDPI_IMAGES = YES;
				COPY_PHASE_STRIP = NO;
				DEBUG_INFORMATION_FORMAT = dwarf;
				DYLIB_INSTALL_NAME_BASE = "@rpath";
				ENABLE_NS_ASSERTIONS = YES;
				GCC_OPTIMIZATION_LEVEL = 0;
				MACOSX_DEPLOYMENT_TARGET = 10.10;
				ONLY_ACTIVE_ARCH = YES;
				OTHER_SWIFT_FLAGS = "-DXcode";
				PRODUCT_NAME = "$(TARGET_NAME)";
				SDKROOT = macosx;
				SUPPORTED_PLATFORMS = "macosx iphoneos iphonesimulator appletvos appletvsimulator watchos watchsimulator";
				SWIFT_ACTIVE_COMPILATION_CONDITIONS = SWIFT_PACKAGE;
				SWIFT_OPTIMIZATION_LEVEL = "-Onone";
				USE_HEADERMAP = NO;
			};
			name = Debug;
		};
		OBJ_4 /* Release */ = {
			isa = XCBuildConfiguration;
			buildSettings = {
				CLANG_ENABLE_OBJC_ARC = YES;
				COMBINE_HIDPI_IMAGES = YES;
				COPY_PHASE_STRIP = YES;
				DEBUG_INFORMATION_FORMAT = "dwarf-with-dsym";
				DYLIB_INSTALL_NAME_BASE = "@rpath";
				GCC_OPTIMIZATION_LEVEL = s;
				MACOSX_DEPLOYMENT_TARGET = 10.10;
				OTHER_SWIFT_FLAGS = "-DXcode";
				PRODUCT_NAME = "$(TARGET_NAME)";
				SDKROOT = macosx;
				SUPPORTED_PLATFORMS = "macosx iphoneos iphonesimulator appletvos appletvsimulator watchos watchsimulator";
				SWIFT_ACTIVE_COMPILATION_CONDITIONS = SWIFT_PACKAGE;
				SWIFT_OPTIMIZATION_LEVEL = "-Owholemodule";
				USE_HEADERMAP = NO;
			};
			name = Release;
		};
		OBJ_40 /* Debug */ = {
			isa = XCBuildConfiguration;
			buildSettings = {
				LD = /usr/bin/true;
				OTHER_SWIFT_FLAGS = "-swift-version 4 -I /Applications/Xcode.app/Contents/Developer/Toolchains/XcodeDefault.xctoolchain/usr/lib/swift/pm/4 -target x86_64-apple-macosx10.10 -sdk /Applications/Xcode.app/Contents/Developer/Platforms/MacOSX.platform/Developer/SDKs/MacOSX10.13.sdk";
				SWIFT_VERSION = 4.0;
			};
			name = Debug;
		};
		OBJ_41 /* Release */ = {
			isa = XCBuildConfiguration;
			buildSettings = {
				LD = /usr/bin/true;
				OTHER_SWIFT_FLAGS = "-swift-version 4 -I /Applications/Xcode.app/Contents/Developer/Toolchains/XcodeDefault.xctoolchain/usr/lib/swift/pm/4 -target x86_64-apple-macosx10.10 -sdk /Applications/Xcode.app/Contents/Developer/Platforms/MacOSX.platform/Developer/SDKs/MacOSX10.13.sdk";
				SWIFT_VERSION = 4.0;
			};
			name = Release;
		};
		OBJ_46 /* Debug */ = {
			isa = XCBuildConfiguration;
			buildSettings = {
				EMBEDDED_CONTENT_CONTAINS_SWIFT = YES;
				FRAMEWORK_SEARCH_PATHS = (
					"$(inherited)",
					"$(PLATFORM_DIR)/Developer/Library/Frameworks",
				);
				HEADER_SEARCH_PATHS = "$(inherited)";
				INFOPLIST_FILE = JiraSwift.xcodeproj/JiraSwiftTests_Info.plist;
				LD_RUNPATH_SEARCH_PATHS = "@loader_path/../Frameworks @loader_path/Frameworks";
				OTHER_LDFLAGS = "$(inherited)";
				OTHER_SWIFT_FLAGS = "$(inherited)";
				SWIFT_VERSION = 4.0;
				TARGET_NAME = JiraSwiftTests;
			};
			name = Debug;
		};
		OBJ_47 /* Release */ = {
			isa = XCBuildConfiguration;
			buildSettings = {
				EMBEDDED_CONTENT_CONTAINS_SWIFT = YES;
				FRAMEWORK_SEARCH_PATHS = (
					"$(inherited)",
					"$(PLATFORM_DIR)/Developer/Library/Frameworks",
				);
				HEADER_SEARCH_PATHS = "$(inherited)";
				INFOPLIST_FILE = JiraSwift.xcodeproj/JiraSwiftTests_Info.plist;
				LD_RUNPATH_SEARCH_PATHS = "@loader_path/../Frameworks @loader_path/Frameworks";
				OTHER_LDFLAGS = "$(inherited)";
				OTHER_SWIFT_FLAGS = "$(inherited)";
				SWIFT_VERSION = 4.0;
				TARGET_NAME = JiraSwiftTests;
			};
			name = Release;
		};
		OBJ_55 /* Debug */ = {
			isa = XCBuildConfiguration;
			buildSettings = {
				ENABLE_TESTABILITY = YES;
				FRAMEWORK_SEARCH_PATHS = (
					"$(inherited)",
					"$(PLATFORM_DIR)/Developer/Library/Frameworks",
				);
				HEADER_SEARCH_PATHS = "$(inherited)";
				INFOPLIST_FILE = JiraSwift.xcodeproj/JiraSwift_Info.plist;
				LD_RUNPATH_SEARCH_PATHS = "$(TOOLCHAIN_DIR)/usr/lib/swift/macosx";
				OTHER_LDFLAGS = "$(inherited)";
				OTHER_SWIFT_FLAGS = "$(inherited)";
				PRODUCT_BUNDLE_IDENTIFIER = JiraSwift;
				PRODUCT_MODULE_NAME = "$(TARGET_NAME:c99extidentifier)";
				PRODUCT_NAME = "$(TARGET_NAME:c99extidentifier)";
				SKIP_INSTALL = YES;
				SWIFT_VERSION = 4.0;
				TARGET_NAME = JiraSwift;
			};
			name = Debug;
		};
		OBJ_56 /* Release */ = {
			isa = XCBuildConfiguration;
			buildSettings = {
				ENABLE_TESTABILITY = YES;
				FRAMEWORK_SEARCH_PATHS = (
					"$(inherited)",
					"$(PLATFORM_DIR)/Developer/Library/Frameworks",
				);
				HEADER_SEARCH_PATHS = "$(inherited)";
				INFOPLIST_FILE = JiraSwift.xcodeproj/JiraSwift_Info.plist;
				LD_RUNPATH_SEARCH_PATHS = "$(TOOLCHAIN_DIR)/usr/lib/swift/macosx";
				OTHER_LDFLAGS = "$(inherited)";
				OTHER_SWIFT_FLAGS = "$(inherited)";
				PRODUCT_BUNDLE_IDENTIFIER = JiraSwift;
				PRODUCT_MODULE_NAME = "$(TARGET_NAME:c99extidentifier)";
				PRODUCT_NAME = "$(TARGET_NAME:c99extidentifier)";
				SKIP_INSTALL = YES;
				SWIFT_VERSION = 4.0;
				TARGET_NAME = JiraSwift;
			};
			name = Release;
		};
		OBJ_77 /* Debug */ = {
			isa = XCBuildConfiguration;
			buildSettings = {
			};
			name = Debug;
		};
		OBJ_78 /* Release */ = {
			isa = XCBuildConfiguration;
			buildSettings = {
			};
			name = Release;
		};
/* End XCBuildConfiguration section */

/* Begin XCConfigurationList section */
		A977B8E7205E84C8005F61AF /* Build configuration list for PBXNativeTarget "JiraSwift-iOS" */ = {
			isa = XCConfigurationList;
			buildConfigurations = (
				A977B8E5205E84C8005F61AF /* Debug */,
				A977B8E6205E84C8005F61AF /* Release */,
			);
			defaultConfigurationIsVisible = 0;
			defaultConfigurationName = Debug;
		};
		OBJ_2 /* Build configuration list for PBXProject "JiraSwift" */ = {
			isa = XCConfigurationList;
			buildConfigurations = (
				OBJ_3 /* Debug */,
				OBJ_4 /* Release */,
			);
			defaultConfigurationIsVisible = 0;
			defaultConfigurationName = Debug;
		};
		OBJ_39 /* Build configuration list for PBXNativeTarget "JiraSwiftPackageDescription" */ = {
			isa = XCConfigurationList;
			buildConfigurations = (
				OBJ_40 /* Debug */,
				OBJ_41 /* Release */,
			);
			defaultConfigurationIsVisible = 0;
			defaultConfigurationName = Debug;
		};
		OBJ_45 /* Build configuration list for PBXNativeTarget "JiraSwiftTests" */ = {
			isa = XCConfigurationList;
			buildConfigurations = (
				OBJ_46 /* Debug */,
				OBJ_47 /* Release */,
			);
			defaultConfigurationIsVisible = 0;
			defaultConfigurationName = Debug;
		};
		OBJ_54 /* Build configuration list for PBXNativeTarget "JiraSwift" */ = {
			isa = XCConfigurationList;
			buildConfigurations = (
				OBJ_55 /* Debug */,
				OBJ_56 /* Release */,
			);
			defaultConfigurationIsVisible = 0;
			defaultConfigurationName = Debug;
		};
		OBJ_76 /* Build configuration list for PBXAggregateTarget "JiraSwiftPackageTests" */ = {
			isa = XCConfigurationList;
			buildConfigurations = (
				OBJ_77 /* Debug */,
				OBJ_78 /* Release */,
			);
			defaultConfigurationIsVisible = 0;
			defaultConfigurationName = Debug;
		};
/* End XCConfigurationList section */
	};
	rootObject = OBJ_1 /* Project object */;
}
