// !$*UTF8*$!
{
   archiveVersion = "1";
   objectVersion = "46";
   objects = {
      "JiraSwift::JiraSwift" = {
         isa = "PBXNativeTarget";
         buildConfigurationList = "OBJ_47";
         buildPhases = (
            "OBJ_50",
            "OBJ_64"
         );
         dependencies = (
            "OBJ_66"
         );
         name = "JiraSwift";
         productName = "JiraSwift";
         productReference = "JiraSwift::JiraSwift::Product";
         productType = "com.apple.product-type.framework";
      };
      "JiraSwift::JiraSwift::Product" = {
         isa = "PBXFileReference";
         path = "JiraSwift.framework";
         sourceTree = "BUILT_PRODUCTS_DIR";
      };
      "JiraSwift::JiraSwiftPackageTests::ProductTarget" = {
         isa = "PBXAggregateTarget";
         buildConfigurationList = "OBJ_75";
         buildPhases = (
         );
         dependencies = (
            "OBJ_78"
         );
         name = "JiraSwiftPackageTests";
         productName = "JiraSwiftPackageTests";
      };
      "JiraSwift::JiraSwiftTests" = {
         isa = "PBXNativeTarget";
         buildConfigurationList = "OBJ_80";
         buildPhases = (
            "OBJ_83",
            "OBJ_85"
         );
         dependencies = (
            "OBJ_88",
            "OBJ_89"
         );
         name = "JiraSwiftTests";
         productName = "JiraSwiftTests";
         productReference = "JiraSwift::JiraSwiftTests::Product";
         productType = "com.apple.product-type.bundle.unit-test";
      };
      "JiraSwift::JiraSwiftTests::Product" = {
         isa = "PBXFileReference";
         path = "JiraSwiftTests.xctest";
         sourceTree = "BUILT_PRODUCTS_DIR";
      };
      "JiraSwift::SwiftPMPackageDescription" = {
         isa = "PBXNativeTarget";
         buildConfigurationList = "OBJ_69";
         buildPhases = (
            "OBJ_72"
         );
         dependencies = (
         );
         name = "JiraSwiftPackageDescription";
         productName = "JiraSwiftPackageDescription";
         productType = "com.apple.product-type.framework";
      };
      "OBJ_1" = {
         isa = "PBXProject";
         attributes = {
            LastSwiftMigration = "9999";
            LastUpgradeCheck = "9999";
         };
         buildConfigurationList = "OBJ_2";
         compatibilityVersion = "Xcode 3.2";
         developmentRegion = "en";
         hasScannedForEncodings = "0";
         knownRegions = (
            "en"
         );
         mainGroup = "OBJ_5";
         productRefGroup = "OBJ_40";
         projectDirPath = ".";
         targets = (
            "JiraSwift::JiraSwift",
            "JiraSwift::SwiftPMPackageDescription",
            "JiraSwift::JiraSwiftPackageTests::ProductTarget",
            "JiraSwift::JiraSwiftTests",
            "swift-utilities::swift-utilities",
            "swift-utilities::SwiftPMPackageDescription"
         );
      };
      "OBJ_10" = {
         isa = "PBXGroup";
         children = (
            "OBJ_11"
         );
         name = "HTTP";
         path = "HTTP";
         sourceTree = "<group>";
      };
      "OBJ_100" = {
         isa = "PBXFrameworksBuildPhase";
         files = (
         );
      };
      "OBJ_102" = {
         isa = "XCConfigurationList";
         buildConfigurations = (
            "OBJ_103",
            "OBJ_104"
         );
         defaultConfigurationIsVisible = "0";
         defaultConfigurationName = "Release";
      };
      "OBJ_103" = {
         isa = "XCBuildConfiguration";
         buildSettings = {
            LD = "/usr/bin/true";
            OTHER_SWIFT_FLAGS = (
               "-swift-version",
               "5",
               "-I",
               "$(TOOLCHAIN_DIR)/usr/lib/swift/pm/4_2",
               "-target",
               "x86_64-apple-macosx10.10",
               "-sdk",
               "/Applications/Xcode.app/Contents/Developer/Platforms/MacOSX.platform/Developer/SDKs/MacOSX10.15.sdk",
               "-package-description-version",
               "5.1"
            );
            SWIFT_VERSION = "5.0";
         };
         name = "Debug";
      };
      "OBJ_104" = {
         isa = "XCBuildConfiguration";
         buildSettings = {
            LD = "/usr/bin/true";
            OTHER_SWIFT_FLAGS = (
               "-swift-version",
               "5",
               "-I",
               "$(TOOLCHAIN_DIR)/usr/lib/swift/pm/4_2",
               "-target",
               "x86_64-apple-macosx10.10",
               "-sdk",
               "/Applications/Xcode.app/Contents/Developer/Platforms/MacOSX.platform/Developer/SDKs/MacOSX10.15.sdk",
               "-package-description-version",
               "5.1"
            );
            SWIFT_VERSION = "5.0";
         };
         name = "Release";
      };
      "OBJ_105" = {
         isa = "PBXSourcesBuildPhase";
         files = (
            "OBJ_106"
         );
      };
      "OBJ_106" = {
         isa = "PBXBuildFile";
         fileRef = "OBJ_39";
      };
      "OBJ_11" = {
         isa = "PBXFileReference";
         path = "JiraRestClient.swift";
         sourceTree = "<group>";
      };
      "OBJ_12" = {
         isa = "PBXGroup";
         children = (
            "OBJ_13",
            "OBJ_14",
            "OBJ_15"
         );
         name = "JSON Parsing";
         path = "JSON Parsing";
         sourceTree = "<group>";
      };
      "OBJ_13" = {
         isa = "PBXFileReference";
         path = "BoardResponse.swift";
         sourceTree = "<group>";
      };
      "OBJ_14" = {
         isa = "PBXFileReference";
         path = "IssueResponse.swift";
         sourceTree = "<group>";
      };
      "OBJ_15" = {
         isa = "PBXFileReference";
         path = "SprintResponse.swift";
         sourceTree = "<group>";
      };
      "OBJ_16" = {
         isa = "PBXGroup";
         children = (
            "OBJ_17",
            "OBJ_18",
            "OBJ_19",
            "OBJ_20",
            "OBJ_21",
            "OBJ_22"
         );
         name = "Jira Models";
         path = "Jira Models";
         sourceTree = "<group>";
      };
      "OBJ_17" = {
         isa = "PBXFileReference";
         path = "Assignee.swift";
         sourceTree = "<group>";
      };
      "OBJ_18" = {
         isa = "PBXFileReference";
         path = "Board.swift";
         sourceTree = "<group>";
      };
      "OBJ_19" = {
         isa = "PBXFileReference";
         path = "Issue.swift";
         sourceTree = "<group>";
      };
      "OBJ_2" = {
         isa = "XCConfigurationList";
         buildConfigurations = (
            "OBJ_3",
            "OBJ_4"
         );
         defaultConfigurationIsVisible = "0";
         defaultConfigurationName = "Release";
      };
      "OBJ_20" = {
         isa = "PBXFileReference";
         path = "IssueFilter.swift";
         sourceTree = "<group>";
      };
      "OBJ_21" = {
         isa = "PBXFileReference";
         path = "JQLFilter.swift";
         sourceTree = "<group>";
      };
      "OBJ_22" = {
         isa = "PBXFileReference";
         path = "Sprint.swift";
         sourceTree = "<group>";
      };
      "OBJ_23" = {
         isa = "PBXGroup";
         children = (
            "OBJ_24",
            "OBJ_25",
            "OBJ_26"
         );
         name = "Utilities";
         path = "Utilities";
         sourceTree = "<group>";
      };
      "OBJ_24" = {
         isa = "PBXFileReference";
         path = "Dictionary+URL.swift";
         sourceTree = "<group>";
      };
      "OBJ_25" = {
         isa = "PBXFileReference";
         path = "JSON.swift";
         sourceTree = "<group>";
      };
      "OBJ_26" = {
         isa = "PBXFileReference";
         path = "String+Tools.swift";
         sourceTree = "<group>";
      };
      "OBJ_27" = {
         isa = "PBXGroup";
         children = (
            "OBJ_28"
         );
         name = "Tests";
         path = "";
         sourceTree = "SOURCE_ROOT";
      };
      "OBJ_28" = {
         isa = "PBXGroup";
         children = (
            "OBJ_29"
         );
         name = "JiraSwiftTests";
         path = "Tests/JiraSwiftTests";
         sourceTree = "SOURCE_ROOT";
      };
      "OBJ_29" = {
         isa = "PBXFileReference";
         path = "JiraSwiftTests.swift";
         sourceTree = "<group>";
      };
      "OBJ_3" = {
         isa = "XCBuildConfiguration";
         buildSettings = {
            CLANG_ENABLE_OBJC_ARC = "YES";
            COMBINE_HIDPI_IMAGES = "YES";
            COPY_PHASE_STRIP = "NO";
            DEBUG_INFORMATION_FORMAT = "dwarf";
            DYLIB_INSTALL_NAME_BASE = "@rpath";
            ENABLE_NS_ASSERTIONS = "YES";
            GCC_OPTIMIZATION_LEVEL = "0";
            GCC_PREPROCESSOR_DEFINITIONS = (
               "$(inherited)",
               "SWIFT_PACKAGE=1",
               "DEBUG=1"
            );
            MACOSX_DEPLOYMENT_TARGET = "10.10";
            ONLY_ACTIVE_ARCH = "YES";
            OTHER_SWIFT_FLAGS = (
               "$(inherited)",
               "-DXcode"
            );
            PRODUCT_NAME = "$(TARGET_NAME)";
            SDKROOT = "macosx";
            SUPPORTED_PLATFORMS = (
               "macosx",
               "iphoneos",
               "iphonesimulator",
               "appletvos",
               "appletvsimulator",
               "watchos",
               "watchsimulator"
            );
            SWIFT_ACTIVE_COMPILATION_CONDITIONS = (
               "$(inherited)",
               "SWIFT_PACKAGE",
               "DEBUG"
            );
            SWIFT_OPTIMIZATION_LEVEL = "-Onone";
            USE_HEADERMAP = "NO";
         };
         name = "Debug";
      };
      "OBJ_30" = {
         isa = "PBXGroup";
         children = (
            "OBJ_31"
         );
         name = "Dependencies";
         path = "";
         sourceTree = "<group>";
      };
      "OBJ_31" = {
         isa = "PBXGroup";
         children = (
            "OBJ_32",
            "OBJ_39"
         );
         name = "swift-utilities";
         path = "";
         sourceTree = "SOURCE_ROOT";
      };
      "OBJ_32" = {
         isa = "PBXGroup";
         children = (
            "OBJ_33",
            "OBJ_34",
            "OBJ_35",
            "OBJ_36",
            "OBJ_37",
            "OBJ_38"
         );
         name = "swift-utilities";
         path = ".build/checkouts/swift-utilities/Sources/swift-utilities";
         sourceTree = "SOURCE_ROOT";
      };
      "OBJ_33" = {
         isa = "PBXFileReference";
         path = "Dictionary+URL.swift";
         sourceTree = "<group>";
      };
      "OBJ_34" = {
         isa = "PBXFileReference";
         path = "FileUtils.swift";
         sourceTree = "<group>";
      };
      "OBJ_35" = {
         isa = "PBXFileReference";
         path = "NSRegularExpressions+Utils.swift";
         sourceTree = "<group>";
      };
      "OBJ_36" = {
         isa = "PBXFileReference";
         path = "RestClient.swift";
         sourceTree = "<group>";
      };
      "OBJ_37" = {
         isa = "PBXFileReference";
         path = "SimpleHttp.swift";
         sourceTree = "<group>";
      };
      "OBJ_38" = {
         isa = "PBXFileReference";
         path = "String+Tools.swift";
         sourceTree = "<group>";
      };
      "OBJ_39" = {
         isa = "PBXFileReference";
         explicitFileType = "sourcecode.swift";
         name = "Package.swift";
         path = "/Users/bill/dev/jira/JiraSwift/.build/checkouts/swift-utilities/Package.swift";
         sourceTree = "<group>";
      };
      "OBJ_4" = {
         isa = "XCBuildConfiguration";
         buildSettings = {
            CLANG_ENABLE_OBJC_ARC = "YES";
            COMBINE_HIDPI_IMAGES = "YES";
            COPY_PHASE_STRIP = "YES";
            DEBUG_INFORMATION_FORMAT = "dwarf-with-dsym";
            DYLIB_INSTALL_NAME_BASE = "@rpath";
            GCC_OPTIMIZATION_LEVEL = "s";
            GCC_PREPROCESSOR_DEFINITIONS = (
               "$(inherited)",
               "SWIFT_PACKAGE=1"
            );
            MACOSX_DEPLOYMENT_TARGET = "10.10";
            OTHER_SWIFT_FLAGS = (
               "$(inherited)",
               "-DXcode"
            );
            PRODUCT_NAME = "$(TARGET_NAME)";
            SDKROOT = "macosx";
            SUPPORTED_PLATFORMS = (
               "macosx",
               "iphoneos",
               "iphonesimulator",
               "appletvos",
               "appletvsimulator",
               "watchos",
               "watchsimulator"
            );
            SWIFT_ACTIVE_COMPILATION_CONDITIONS = (
               "$(inherited)",
               "SWIFT_PACKAGE"
            );
            SWIFT_OPTIMIZATION_LEVEL = "-Owholemodule";
            USE_HEADERMAP = "NO";
         };
         name = "Release";
      };
      "OBJ_40" = {
         isa = "PBXGroup";
         children = (
            "swift-utilities::swift-utilities::Product",
            "JiraSwift::JiraSwiftTests::Product",
            "JiraSwift::JiraSwift::Product"
         );
         name = "Products";
         path = "";
         sourceTree = "BUILT_PRODUCTS_DIR";
      };
      "OBJ_44" = {
         isa = "PBXFileReference";
         path = "JiraSwift-iOS";
         sourceTree = "SOURCE_ROOT";
      };
      "OBJ_45" = {
         isa = "PBXFileReference";
         path = "README.md";
         sourceTree = "<group>";
      };
      "OBJ_47" = {
         isa = "XCConfigurationList";
         buildConfigurations = (
            "OBJ_48",
            "OBJ_49"
         );
         defaultConfigurationIsVisible = "0";
         defaultConfigurationName = "Release";
      };
      "OBJ_48" = {
         isa = "XCBuildConfiguration";
         buildSettings = {
            ENABLE_TESTABILITY = "YES";
            FRAMEWORK_SEARCH_PATHS = (
               "$(inherited)",
               "$(PLATFORM_DIR)/Developer/Library/Frameworks"
            );
            HEADER_SEARCH_PATHS = (
               "$(inherited)"
            );
            INFOPLIST_FILE = "JiraSwift.xcodeproj/JiraSwift_Info.plist";
            LD_RUNPATH_SEARCH_PATHS = (
               "$(inherited)",
               "$(TOOLCHAIN_DIR)/usr/lib/swift/macosx"
            );
            OTHER_CFLAGS = (
               "$(inherited)"
            );
            OTHER_LDFLAGS = (
               "$(inherited)"
            );
            OTHER_SWIFT_FLAGS = (
               "$(inherited)"
            );
            PRODUCT_BUNDLE_IDENTIFIER = "JiraSwift";
            PRODUCT_MODULE_NAME = "$(TARGET_NAME:c99extidentifier)";
            PRODUCT_NAME = "$(TARGET_NAME:c99extidentifier)";
            SKIP_INSTALL = "YES";
            SWIFT_ACTIVE_COMPILATION_CONDITIONS = (
               "$(inherited)"
            );
            SWIFT_VERSION = "4.0";
            TARGET_NAME = "JiraSwift";
         };
         name = "Debug";
      };
      "OBJ_49" = {
         isa = "XCBuildConfiguration";
         buildSettings = {
            ENABLE_TESTABILITY = "YES";
            FRAMEWORK_SEARCH_PATHS = (
               "$(inherited)",
               "$(PLATFORM_DIR)/Developer/Library/Frameworks"
            );
            HEADER_SEARCH_PATHS = (
               "$(inherited)"
            );
            INFOPLIST_FILE = "JiraSwift.xcodeproj/JiraSwift_Info.plist";
            LD_RUNPATH_SEARCH_PATHS = (
               "$(inherited)",
               "$(TOOLCHAIN_DIR)/usr/lib/swift/macosx"
            );
            OTHER_CFLAGS = (
               "$(inherited)"
            );
            OTHER_LDFLAGS = (
               "$(inherited)"
            );
            OTHER_SWIFT_FLAGS = (
               "$(inherited)"
            );
            PRODUCT_BUNDLE_IDENTIFIER = "JiraSwift";
            PRODUCT_MODULE_NAME = "$(TARGET_NAME:c99extidentifier)";
            PRODUCT_NAME = "$(TARGET_NAME:c99extidentifier)";
            SKIP_INSTALL = "YES";
            SWIFT_ACTIVE_COMPILATION_CONDITIONS = (
               "$(inherited)"
            );
            SWIFT_VERSION = "4.0";
            TARGET_NAME = "JiraSwift";
         };
         name = "Release";
      };
      "OBJ_5" = {
         isa = "PBXGroup";
         children = (
            "OBJ_6",
            "OBJ_7",
            "OBJ_27",
            "OBJ_30",
            "OBJ_40",
            "OBJ_44",
            "OBJ_45"
         );
         path = "";
         sourceTree = "<group>";
      };
      "OBJ_50" = {
         isa = "PBXSourcesBuildPhase";
         files = (
            "OBJ_51",
            "OBJ_52",
            "OBJ_53",
            "OBJ_54",
            "OBJ_55",
            "OBJ_56",
            "OBJ_57",
            "OBJ_58",
            "OBJ_59",
            "OBJ_60",
            "OBJ_61",
            "OBJ_62",
            "OBJ_63"
         );
      };
      "OBJ_51" = {
         isa = "PBXBuildFile";
         fileRef = "OBJ_11";
      };
      "OBJ_52" = {
         isa = "PBXBuildFile";
         fileRef = "OBJ_13";
      };
      "OBJ_53" = {
         isa = "PBXBuildFile";
         fileRef = "OBJ_14";
      };
      "OBJ_54" = {
         isa = "PBXBuildFile";
         fileRef = "OBJ_15";
      };
      "OBJ_55" = {
         isa = "PBXBuildFile";
         fileRef = "OBJ_17";
      };
      "OBJ_56" = {
         isa = "PBXBuildFile";
         fileRef = "OBJ_18";
      };
      "OBJ_57" = {
         isa = "PBXBuildFile";
         fileRef = "OBJ_19";
      };
      "OBJ_58" = {
         isa = "PBXBuildFile";
         fileRef = "OBJ_20";
      };
      "OBJ_59" = {
         isa = "PBXBuildFile";
         fileRef = "OBJ_21";
      };
      "OBJ_6" = {
         isa = "PBXFileReference";
         explicitFileType = "sourcecode.swift";
         path = "Package.swift";
         sourceTree = "<group>";
      };
      "OBJ_60" = {
         isa = "PBXBuildFile";
         fileRef = "OBJ_22";
      };
      "OBJ_61" = {
         isa = "PBXBuildFile";
         fileRef = "OBJ_24";
      };
      "OBJ_62" = {
         isa = "PBXBuildFile";
         fileRef = "OBJ_25";
      };
      "OBJ_63" = {
         isa = "PBXBuildFile";
         fileRef = "OBJ_26";
      };
      "OBJ_64" = {
         isa = "PBXFrameworksBuildPhase";
         files = (
            "OBJ_65"
         );
      };
      "OBJ_65" = {
         isa = "PBXBuildFile";
         fileRef = "swift-utilities::swift-utilities::Product";
      };
      "OBJ_66" = {
         isa = "PBXTargetDependency";
         target = "swift-utilities::swift-utilities";
      };
      "OBJ_69" = {
         isa = "XCConfigurationList";
         buildConfigurations = (
            "OBJ_70",
            "OBJ_71"
         );
         defaultConfigurationIsVisible = "0";
         defaultConfigurationName = "Release";
      };
      "OBJ_7" = {
         isa = "PBXGroup";
         children = (
            "OBJ_8"
         );
         name = "Sources";
         path = "";
         sourceTree = "SOURCE_ROOT";
      };
      "OBJ_70" = {
         isa = "XCBuildConfiguration";
         buildSettings = {
            LD = "/usr/bin/true";
            OTHER_SWIFT_FLAGS = (
               "-swift-version",
               "4",
               "-I",
               "$(TOOLCHAIN_DIR)/usr/lib/swift/pm/4",
               "-target",
               "x86_64-apple-macosx10.10",
               "-sdk",
               "/Applications/Xcode.app/Contents/Developer/Platforms/MacOSX.platform/Developer/SDKs/MacOSX10.15.sdk",
               "-package-description-version",
               "4"
            );
            SWIFT_VERSION = "4.0";
         };
         name = "Debug";
      };
      "OBJ_71" = {
         isa = "XCBuildConfiguration";
         buildSettings = {
            LD = "/usr/bin/true";
            OTHER_SWIFT_FLAGS = (
               "-swift-version",
               "4",
               "-I",
               "$(TOOLCHAIN_DIR)/usr/lib/swift/pm/4",
               "-target",
               "x86_64-apple-macosx10.10",
               "-sdk",
               "/Applications/Xcode.app/Contents/Developer/Platforms/MacOSX.platform/Developer/SDKs/MacOSX10.15.sdk",
               "-package-description-version",
               "4"
            );
            SWIFT_VERSION = "4.0";
         };
         name = "Release";
      };
      "OBJ_72" = {
         isa = "PBXSourcesBuildPhase";
         files = (
            "OBJ_73"
         );
      };
      "OBJ_73" = {
         isa = "PBXBuildFile";
         fileRef = "OBJ_6";
      };
      "OBJ_75" = {
         isa = "XCConfigurationList";
         buildConfigurations = (
            "OBJ_76",
            "OBJ_77"
         );
         defaultConfigurationIsVisible = "0";
         defaultConfigurationName = "Release";
      };
      "OBJ_76" = {
         isa = "XCBuildConfiguration";
         buildSettings = {
         };
         name = "Debug";
      };
      "OBJ_77" = {
         isa = "XCBuildConfiguration";
         buildSettings = {
         };
         name = "Release";
      };
      "OBJ_78" = {
         isa = "PBXTargetDependency";
         target = "JiraSwift::JiraSwiftTests";
      };
      "OBJ_8" = {
         isa = "PBXGroup";
         children = (
            "OBJ_9",
            "OBJ_10",
            "OBJ_12",
            "OBJ_16",
            "OBJ_23"
         );
         name = "JiraSwift";
         path = "Sources/JiraSwift";
         sourceTree = "SOURCE_ROOT";
      };
      "OBJ_80" = {
         isa = "XCConfigurationList";
         buildConfigurations = (
            "OBJ_81",
            "OBJ_82"
         );
         defaultConfigurationIsVisible = "0";
         defaultConfigurationName = "Release";
      };
      "OBJ_81" = {
         isa = "XCBuildConfiguration";
         buildSettings = {
            CLANG_ENABLE_MODULES = "YES";
            EMBEDDED_CONTENT_CONTAINS_SWIFT = "YES";
            FRAMEWORK_SEARCH_PATHS = (
               "$(inherited)",
               "$(PLATFORM_DIR)/Developer/Library/Frameworks"
            );
            HEADER_SEARCH_PATHS = (
               "$(inherited)"
            );
            INFOPLIST_FILE = "JiraSwift.xcodeproj/JiraSwiftTests_Info.plist";
            LD_RUNPATH_SEARCH_PATHS = (
               "$(inherited)",
               "@loader_path/../Frameworks",
               "@loader_path/Frameworks"
            );
            OTHER_CFLAGS = (
               "$(inherited)"
            );
            OTHER_LDFLAGS = (
               "$(inherited)"
            );
            OTHER_SWIFT_FLAGS = (
               "$(inherited)"
            );
            SWIFT_ACTIVE_COMPILATION_CONDITIONS = (
               "$(inherited)"
            );
            SWIFT_VERSION = "4.0";
            TARGET_NAME = "JiraSwiftTests";
         };
         name = "Debug";
      };
      "OBJ_82" = {
         isa = "XCBuildConfiguration";
         buildSettings = {
            CLANG_ENABLE_MODULES = "YES";
            EMBEDDED_CONTENT_CONTAINS_SWIFT = "YES";
            FRAMEWORK_SEARCH_PATHS = (
               "$(inherited)",
               "$(PLATFORM_DIR)/Developer/Library/Frameworks"
            );
            HEADER_SEARCH_PATHS = (
               "$(inherited)"
            );
            INFOPLIST_FILE = "JiraSwift.xcodeproj/JiraSwiftTests_Info.plist";
            LD_RUNPATH_SEARCH_PATHS = (
               "$(inherited)",
               "@loader_path/../Frameworks",
               "@loader_path/Frameworks"
            );
            OTHER_CFLAGS = (
               "$(inherited)"
            );
            OTHER_LDFLAGS = (
               "$(inherited)"
            );
            OTHER_SWIFT_FLAGS = (
               "$(inherited)"
            );
            SWIFT_ACTIVE_COMPILATION_CONDITIONS = (
               "$(inherited)"
            );
            SWIFT_VERSION = "4.0";
            TARGET_NAME = "JiraSwiftTests";
         };
         name = "Release";
      };
      "OBJ_83" = {
         isa = "PBXSourcesBuildPhase";
         files = (
            "OBJ_84"
         );
      };
      "OBJ_84" = {
         isa = "PBXBuildFile";
         fileRef = "OBJ_29";
      };
      "OBJ_85" = {
         isa = "PBXFrameworksBuildPhase";
         files = (
            "OBJ_86",
            "OBJ_87"
         );
      };
      "OBJ_86" = {
         isa = "PBXBuildFile";
         fileRef = "JiraSwift::JiraSwift::Product";
      };
      "OBJ_87" = {
         isa = "PBXBuildFile";
         fileRef = "swift-utilities::swift-utilities::Product";
      };
      "OBJ_88" = {
         isa = "PBXTargetDependency";
         target = "JiraSwift::JiraSwift";
      };
      "OBJ_89" = {
         isa = "PBXTargetDependency";
         target = "swift-utilities::swift-utilities";
      };
      "OBJ_9" = {
         isa = "PBXFileReference";
         path = "JiraSwift.h";
         sourceTree = "<group>";
      };
      "OBJ_90" = {
         isa = "XCConfigurationList";
         buildConfigurations = (
            "OBJ_91",
            "OBJ_92"
         );
         defaultConfigurationIsVisible = "0";
         defaultConfigurationName = "Release";
      };
      "OBJ_91" = {
         isa = "XCBuildConfiguration";
         buildSettings = {
            ENABLE_TESTABILITY = "YES";
            FRAMEWORK_SEARCH_PATHS = (
               "$(inherited)",
               "$(PLATFORM_DIR)/Developer/Library/Frameworks"
            );
            HEADER_SEARCH_PATHS = (
               "$(inherited)"
            );
            INFOPLIST_FILE = "JiraSwift.xcodeproj/swift_utilities_Info.plist";
            IPHONEOS_DEPLOYMENT_TARGET = "8.0";
            LD_RUNPATH_SEARCH_PATHS = (
               "$(inherited)",
               "$(TOOLCHAIN_DIR)/usr/lib/swift/macosx"
            );
            MACOSX_DEPLOYMENT_TARGET = "10.10";
            OTHER_CFLAGS = (
               "$(inherited)"
            );
            OTHER_LDFLAGS = (
               "$(inherited)"
            );
            OTHER_SWIFT_FLAGS = (
               "$(inherited)"
            );
            PRODUCT_BUNDLE_IDENTIFIER = "swift-utilities";
            PRODUCT_MODULE_NAME = "$(TARGET_NAME:c99extidentifier)";
            PRODUCT_NAME = "$(TARGET_NAME:c99extidentifier)";
            SKIP_INSTALL = "YES";
            SWIFT_ACTIVE_COMPILATION_CONDITIONS = (
               "$(inherited)"
            );
            SWIFT_VERSION = "5.0";
            TARGET_NAME = "swift-utilities";
            TVOS_DEPLOYMENT_TARGET = "9.0";
            WATCHOS_DEPLOYMENT_TARGET = "2.0";
         };
         name = "Debug";
      };
      "OBJ_92" = {
         isa = "XCBuildConfiguration";
         buildSettings = {
            ENABLE_TESTABILITY = "YES";
            FRAMEWORK_SEARCH_PATHS = (
               "$(inherited)",
               "$(PLATFORM_DIR)/Developer/Library/Frameworks"
            );
            HEADER_SEARCH_PATHS = (
               "$(inherited)"
            );
            INFOPLIST_FILE = "JiraSwift.xcodeproj/swift_utilities_Info.plist";
            IPHONEOS_DEPLOYMENT_TARGET = "8.0";
            LD_RUNPATH_SEARCH_PATHS = (
               "$(inherited)",
               "$(TOOLCHAIN_DIR)/usr/lib/swift/macosx"
            );
            MACOSX_DEPLOYMENT_TARGET = "10.10";
            OTHER_CFLAGS = (
               "$(inherited)"
            );
            OTHER_LDFLAGS = (
               "$(inherited)"
            );
            OTHER_SWIFT_FLAGS = (
               "$(inherited)"
            );
            PRODUCT_BUNDLE_IDENTIFIER = "swift-utilities";
            PRODUCT_MODULE_NAME = "$(TARGET_NAME:c99extidentifier)";
            PRODUCT_NAME = "$(TARGET_NAME:c99extidentifier)";
            SKIP_INSTALL = "YES";
            SWIFT_ACTIVE_COMPILATION_CONDITIONS = (
               "$(inherited)"
            );
            SWIFT_VERSION = "5.0";
            TARGET_NAME = "swift-utilities";
            TVOS_DEPLOYMENT_TARGET = "9.0";
            WATCHOS_DEPLOYMENT_TARGET = "2.0";
         };
         name = "Release";
      };
      "OBJ_93" = {
         isa = "PBXSourcesBuildPhase";
         files = (
            "OBJ_94",
            "OBJ_95",
            "OBJ_96",
            "OBJ_97",
            "OBJ_98",
            "OBJ_99"
         );
      };
      "OBJ_94" = {
         isa = "PBXBuildFile";
         fileRef = "OBJ_33";
      };
      "OBJ_95" = {
         isa = "PBXBuildFile";
         fileRef = "OBJ_34";
      };
      "OBJ_96" = {
         isa = "PBXBuildFile";
         fileRef = "OBJ_35";
      };
      "OBJ_97" = {
         isa = "PBXBuildFile";
         fileRef = "OBJ_36";
      };
      "OBJ_98" = {
         isa = "PBXBuildFile";
         fileRef = "OBJ_37";
      };
      "OBJ_99" = {
         isa = "PBXBuildFile";
         fileRef = "OBJ_38";
      };
      "swift-utilities::SwiftPMPackageDescription" = {
         isa = "PBXNativeTarget";
         buildConfigurationList = "OBJ_102";
         buildPhases = (
            "OBJ_105"
         );
         dependencies = (
         );
         name = "swift-utilitiesPackageDescription";
         productName = "swift-utilitiesPackageDescription";
         productType = "com.apple.product-type.framework";
      };
      "swift-utilities::swift-utilities" = {
         isa = "PBXNativeTarget";
         buildConfigurationList = "OBJ_90";
         buildPhases = (
            "OBJ_93",
            "OBJ_100"
         );
         dependencies = (
         );
         name = "swift-utilities";
         productName = "swift_utilities";
         productReference = "swift-utilities::swift-utilities::Product";
         productType = "com.apple.product-type.framework";
      };
      "swift-utilities::swift-utilities::Product" = {
         isa = "PBXFileReference";
         path = "swift_utilities.framework";
         sourceTree = "BUILT_PRODUCTS_DIR";
      };
   };
   rootObject = "OBJ_1";
}
